// !$*UTF8*$!
{
	archiveVersion = 1;
	classes = {
	};
	objectVersion = 56;
	objects = {

/* Begin PBXBuildFile section */
		B49F8F702C23931B00479E02 /* WikiGameApp.swift in Sources */ = {isa = PBXBuildFile; fileRef = B49F8F6F2C23931B00479E02 /* WikiGameApp.swift */; };
		B49F8F722C23931B00479E02 /* ContentView.swift in Sources */ = {isa = PBXBuildFile; fileRef = B49F8F712C23931B00479E02 /* ContentView.swift */; };
		B49F8F742C23931C00479E02 /* Assets.xcassets in Resources */ = {isa = PBXBuildFile; fileRef = B49F8F732C23931C00479E02 /* Assets.xcassets */; };
		B49F8F772C23931C00479E02 /* Preview Assets.xcassets in Resources */ = {isa = PBXBuildFile; fileRef = B49F8F762C23931C00479E02 /* Preview Assets.xcassets */; };
		B49F8F812C23931C00479E02 /* WikiGameTests.swift in Sources */ = {isa = PBXBuildFile; fileRef = B49F8F802C23931C00479E02 /* WikiGameTests.swift */; };
		B49F8F8B2C23931C00479E02 /* WikiGameUITests.swift in Sources */ = {isa = PBXBuildFile; fileRef = B49F8F8A2C23931C00479E02 /* WikiGameUITests.swift */; };
		B49F8F8D2C23931C00479E02 /* WikiGameUITestsLaunchTests.swift in Sources */ = {isa = PBXBuildFile; fileRef = B49F8F8C2C23931C00479E02 /* WikiGameUITestsLaunchTests.swift */; };
/* End PBXBuildFile section */

/* Begin PBXContainerItemProxy section */
		B49F8F7D2C23931C00479E02 /* PBXContainerItemProxy */ = {
			isa = PBXContainerItemProxy;
			containerPortal = B49F8F642C23931B00479E02 /* Project object */;
			proxyType = 1;
			remoteGlobalIDString = B49F8F6B2C23931B00479E02;
			remoteInfo = WikiGame;
		};
		B49F8F872C23931C00479E02 /* PBXContainerItemProxy */ = {
			isa = PBXContainerItemProxy;
			containerPortal = B49F8F642C23931B00479E02 /* Project object */;
			proxyType = 1;
			remoteGlobalIDString = B49F8F6B2C23931B00479E02;
			remoteInfo = WikiGame;
		};
/* End PBXContainerItemProxy section */

/* Begin PBXFileReference section */
		B49F8F6C2C23931B00479E02 /* WikiGame.app */ = {isa = PBXFileReference; explicitFileType = wrapper.application; includeInIndex = 0; path = WikiGame.app; sourceTree = BUILT_PRODUCTS_DIR; };
		B49F8F6F2C23931B00479E02 /* WikiGameApp.swift */ = {isa = PBXFileReference; lastKnownFileType = sourcecode.swift; path = WikiGameApp.swift; sourceTree = "<group>"; };
		B49F8F712C23931B00479E02 /* ContentView.swift */ = {isa = PBXFileReference; lastKnownFileType = sourcecode.swift; path = ContentView.swift; sourceTree = "<group>"; };
		B49F8F732C23931C00479E02 /* Assets.xcassets */ = {isa = PBXFileReference; lastKnownFileType = folder.assetcatalog; path = Assets.xcassets; sourceTree = "<group>"; };
		B49F8F762C23931C00479E02 /* Preview Assets.xcassets */ = {isa = PBXFileReference; lastKnownFileType = folder.assetcatalog; path = "Preview Assets.xcassets"; sourceTree = "<group>"; };
		B49F8F7C2C23931C00479E02 /* WikiGameTests.xctest */ = {isa = PBXFileReference; explicitFileType = wrapper.cfbundle; includeInIndex = 0; path = WikiGameTests.xctest; sourceTree = BUILT_PRODUCTS_DIR; };
		B49F8F802C23931C00479E02 /* WikiGameTests.swift */ = {isa = PBXFileReference; lastKnownFileType = sourcecode.swift; path = WikiGameTests.swift; sourceTree = "<group>"; };
		B49F8F862C23931C00479E02 /* WikiGameUITests.xctest */ = {isa = PBXFileReference; explicitFileType = wrapper.cfbundle; includeInIndex = 0; path = WikiGameUITests.xctest; sourceTree = BUILT_PRODUCTS_DIR; };
		B49F8F8A2C23931C00479E02 /* WikiGameUITests.swift */ = {isa = PBXFileReference; lastKnownFileType = sourcecode.swift; path = WikiGameUITests.swift; sourceTree = "<group>"; };
		B49F8F8C2C23931C00479E02 /* WikiGameUITestsLaunchTests.swift */ = {isa = PBXFileReference; lastKnownFileType = sourcecode.swift; path = WikiGameUITestsLaunchTests.swift; sourceTree = "<group>"; };
/* End PBXFileReference section */

/* Begin PBXFrameworksBuildPhase section */
		B49F8F692C23931B00479E02 /* Frameworks */ = {
			isa = PBXFrameworksBuildPhase;
			buildActionMask = 2147483647;
			files = (
			);
			runOnlyForDeploymentPostprocessing = 0;
		};
		B49F8F792C23931C00479E02 /* Frameworks */ = {
			isa = PBXFrameworksBuildPhase;
			buildActionMask = 2147483647;
			files = (
			);
			runOnlyForDeploymentPostprocessing = 0;
		};
		B49F8F832C23931C00479E02 /* Frameworks */ = {
			isa = PBXFrameworksBuildPhase;
			buildActionMask = 2147483647;
			files = (
			);
			runOnlyForDeploymentPostprocessing = 0;
		};
/* End PBXFrameworksBuildPhase section */

/* Begin PBXGroup section */
		B49F8F632C23931B00479E02 = {
			isa = PBXGroup;
			children = (
				B49F8F6E2C23931B00479E02 /* WikiGame */,
				B49F8F7F2C23931C00479E02 /* WikiGameTests */,
				B49F8F892C23931C00479E02 /* WikiGameUITests */,
				B49F8F6D2C23931B00479E02 /* Products */,
			);
			sourceTree = "<group>";
		};
		B49F8F6D2C23931B00479E02 /* Products */ = {
			isa = PBXGroup;
			children = (
				B49F8F6C2C23931B00479E02 /* WikiGame.app */,
				B49F8F7C2C23931C00479E02 /* WikiGameTests.xctest */,
				B49F8F862C23931C00479E02 /* WikiGameUITests.xctest */,
			);
			name = Products;
			sourceTree = "<group>";
		};
		B49F8F6E2C23931B00479E02 /* WikiGame */ = {
			isa = PBXGroup;
			children = (
				B49F8F6F2C23931B00479E02 /* WikiGameApp.swift */,
				B49F8F712C23931B00479E02 /* ContentView.swift */,
				B49F8F732C23931C00479E02 /* Assets.xcassets */,
				B49F8F752C23931C00479E02 /* Preview Content */,
			);
			path = WikiGame;
			sourceTree = "<group>";
		};
		B49F8F752C23931C00479E02 /* Preview Content */ = {
			isa = PBXGroup;
			children = (
				B49F8F762C23931C00479E02 /* Preview Assets.xcassets */,
			);
			path = "Preview Content";
			sourceTree = "<group>";
		};
		B49F8F7F2C23931C00479E02 /* WikiGameTests */ = {
			isa = PBXGroup;
			children = (
				B49F8F802C23931C00479E02 /* WikiGameTests.swift */,
			);
			path = WikiGameTests;
			sourceTree = "<group>";
		};
		B49F8F892C23931C00479E02 /* WikiGameUITests */ = {
			isa = PBXGroup;
			children = (
				B49F8F8A2C23931C00479E02 /* WikiGameUITests.swift */,
				B49F8F8C2C23931C00479E02 /* WikiGameUITestsLaunchTests.swift */,
			);
			path = WikiGameUITests;
			sourceTree = "<group>";
		};
/* End PBXGroup section */

/* Begin PBXNativeTarget section */
		B49F8F6B2C23931B00479E02 /* WikiGame */ = {
			isa = PBXNativeTarget;
			buildConfigurationList = B49F8F902C23931C00479E02 /* Build configuration list for PBXNativeTarget "WikiGame" */;
			buildPhases = (
				B49F8F682C23931B00479E02 /* Sources */,
				B49F8F692C23931B00479E02 /* Frameworks */,
				B49F8F6A2C23931B00479E02 /* Resources */,
			);
			buildRules = (
			);
			dependencies = (
			);
			name = WikiGame;
			productName = WikiGame;
			productReference = B49F8F6C2C23931B00479E02 /* WikiGame.app */;
			productType = "com.apple.product-type.application";
		};
		B49F8F7B2C23931C00479E02 /* WikiGameTests */ = {
			isa = PBXNativeTarget;
			buildConfigurationList = B49F8F932C23931C00479E02 /* Build configuration list for PBXNativeTarget "WikiGameTests" */;
			buildPhases = (
				B49F8F782C23931C00479E02 /* Sources */,
				B49F8F792C23931C00479E02 /* Frameworks */,
				B49F8F7A2C23931C00479E02 /* Resources */,
			);
			buildRules = (
			);
			dependencies = (
				B49F8F7E2C23931C00479E02 /* PBXTargetDependency */,
			);
			name = WikiGameTests;
			productName = WikiGameTests;
			productReference = B49F8F7C2C23931C00479E02 /* WikiGameTests.xctest */;
			productType = "com.apple.product-type.bundle.unit-test";
		};
		B49F8F852C23931C00479E02 /* WikiGameUITests */ = {
			isa = PBXNativeTarget;
			buildConfigurationList = B49F8F962C23931C00479E02 /* Build configuration list for PBXNativeTarget "WikiGameUITests" */;
			buildPhases = (
				B49F8F822C23931C00479E02 /* Sources */,
				B49F8F832C23931C00479E02 /* Frameworks */,
				B49F8F842C23931C00479E02 /* Resources */,
			);
			buildRules = (
			);
			dependencies = (
				B49F8F882C23931C00479E02 /* PBXTargetDependency */,
			);
			name = WikiGameUITests;
			productName = WikiGameUITests;
			productReference = B49F8F862C23931C00479E02 /* WikiGameUITests.xctest */;
			productType = "com.apple.product-type.bundle.ui-testing";
		};
/* End PBXNativeTarget section */

/* Begin PBXProject section */
		B49F8F642C23931B00479E02 /* Project object */ = {
			isa = PBXProject;
			attributes = {
				BuildIndependentTargetsInParallel = 1;
				LastSwiftUpdateCheck = 1540;
				LastUpgradeCheck = 1540;
				TargetAttributes = {
					B49F8F6B2C23931B00479E02 = {
						CreatedOnToolsVersion = 15.4;
					};
					B49F8F7B2C23931C00479E02 = {
						CreatedOnToolsVersion = 15.4;
						TestTargetID = B49F8F6B2C23931B00479E02;
					};
					B49F8F852C23931C00479E02 = {
						CreatedOnToolsVersion = 15.4;
						TestTargetID = B49F8F6B2C23931B00479E02;
					};
				};
			};
			buildConfigurationList = B49F8F672C23931B00479E02 /* Build configuration list for PBXProject "WikiGame" */;
			compatibilityVersion = "Xcode 14.0";
			developmentRegion = en;
			hasScannedForEncodings = 0;
			knownRegions = (
				en,
				Base,
			);
			mainGroup = B49F8F632C23931B00479E02;
			productRefGroup = B49F8F6D2C23931B00479E02 /* Products */;
			projectDirPath = "";
			projectRoot = "";
			targets = (
				B49F8F6B2C23931B00479E02 /* WikiGame */,
				B49F8F7B2C23931C00479E02 /* WikiGameTests */,
				B49F8F852C23931C00479E02 /* WikiGameUITests */,
			);
		};
/* End PBXProject section */

/* Begin PBXResourcesBuildPhase section */
		B49F8F6A2C23931B00479E02 /* Resources */ = {
			isa = PBXResourcesBuildPhase;
			buildActionMask = 2147483647;
			files = (
				B49F8F772C23931C00479E02 /* Preview Assets.xcassets in Resources */,
				B49F8F742C23931C00479E02 /* Assets.xcassets in Resources */,
			);
			runOnlyForDeploymentPostprocessing = 0;
		};
		B49F8F7A2C23931C00479E02 /* Resources */ = {
			isa = PBXResourcesBuildPhase;
			buildActionMask = 2147483647;
			files = (
			);
			runOnlyForDeploymentPostprocessing = 0;
		};
		B49F8F842C23931C00479E02 /* Resources */ = {
			isa = PBXResourcesBuildPhase;
			buildActionMask = 2147483647;
			files = (
			);
			runOnlyForDeploymentPostprocessing = 0;
		};
/* End PBXResourcesBuildPhase section */

/* Begin PBXSourcesBuildPhase section */
		B49F8F682C23931B00479E02 /* Sources */ = {
			isa = PBXSourcesBuildPhase;
			buildActionMask = 2147483647;
			files = (
				B49F8F722C23931B00479E02 /* ContentView.swift in Sources */,
				B49F8F702C23931B00479E02 /* WikiGameApp.swift in Sources */,
			);
			runOnlyForDeploymentPostprocessing = 0;
		};
		B49F8F782C23931C00479E02 /* Sources */ = {
			isa = PBXSourcesBuildPhase;
			buildActionMask = 2147483647;
			files = (
				B49F8F812C23931C00479E02 /* WikiGameTests.swift in Sources */,
			);
			runOnlyForDeploymentPostprocessing = 0;
		};
		B49F8F822C23931C00479E02 /* Sources */ = {
			isa = PBXSourcesBuildPhase;
			buildActionMask = 2147483647;
			files = (
				B49F8F8D2C23931C00479E02 /* WikiGameUITestsLaunchTests.swift in Sources */,
				B49F8F8B2C23931C00479E02 /* WikiGameUITests.swift in Sources */,
			);
			runOnlyForDeploymentPostprocessing = 0;
		};
/* End PBXSourcesBuildPhase section */

/* Begin PBXTargetDependency section */
		B49F8F7E2C23931C00479E02 /* PBXTargetDependency */ = {
			isa = PBXTargetDependency;
			target = B49F8F6B2C23931B00479E02 /* WikiGame */;
			targetProxy = B49F8F7D2C23931C00479E02 /* PBXContainerItemProxy */;
		};
		B49F8F882C23931C00479E02 /* PBXTargetDependency */ = {
			isa = PBXTargetDependency;
			target = B49F8F6B2C23931B00479E02 /* WikiGame */;
			targetProxy = B49F8F872C23931C00479E02 /* PBXContainerItemProxy */;
		};
/* End PBXTargetDependency section */

/* Begin XCBuildConfiguration section */
		B49F8F8E2C23931C00479E02 /* Debug */ = {
			isa = XCBuildConfiguration;
			buildSettings = {
				ALWAYS_SEARCH_USER_PATHS = NO;
				ASSETCATALOG_COMPILER_GENERATE_SWIFT_ASSET_SYMBOL_EXTENSIONS = YES;
				CLANG_ANALYZER_NONNULL = YES;
				CLANG_ANALYZER_NUMBER_OBJECT_CONVERSION = YES_AGGRESSIVE;
				CLANG_CXX_LANGUAGE_STANDARD = "gnu++20";
				CLANG_ENABLE_MODULES = YES;
				CLANG_ENABLE_OBJC_ARC = YES;
				CLANG_ENABLE_OBJC_WEAK = YES;
				CLANG_WARN_BLOCK_CAPTURE_AUTORELEASING = YES;
				CLANG_WARN_BOOL_CONVERSION = YES;
				CLANG_WARN_COMMA = YES;
				CLANG_WARN_CONSTANT_CONVERSION = YES;
				CLANG_WARN_DEPRECATED_OBJC_IMPLEMENTATIONS = YES;
				CLANG_WARN_DIRECT_OBJC_ISA_USAGE = YES_ERROR;
				CLANG_WARN_DOCUMENTATION_COMMENTS = YES;
				CLANG_WARN_EMPTY_BODY = YES;
				CLANG_WARN_ENUM_CONVERSION = YES;
				CLANG_WARN_INFINITE_RECURSION = YES;
				CLANG_WARN_INT_CONVERSION = YES;
				CLANG_WARN_NON_LITERAL_NULL_CONVERSION = YES;
				CLANG_WARN_OBJC_IMPLICIT_RETAIN_SELF = YES;
				CLANG_WARN_OBJC_LITERAL_CONVERSION = YES;
				CLANG_WARN_OBJC_ROOT_CLASS = YES_ERROR;
				CLANG_WARN_QUOTED_INCLUDE_IN_FRAMEWORK_HEADER = YES;
				CLANG_WARN_RANGE_LOOP_ANALYSIS = YES;
				CLANG_WARN_STRICT_PROTOTYPES = YES;
				CLANG_WARN_SUSPICIOUS_MOVE = YES;
				CLANG_WARN_UNGUARDED_AVAILABILITY = YES_AGGRESSIVE;
				CLANG_WARN_UNREACHABLE_CODE = YES;
				CLANG_WARN__DUPLICATE_METHOD_MATCH = YES;
				COPY_PHASE_STRIP = NO;
				DEBUG_INFORMATION_FORMAT = dwarf;
				ENABLE_STRICT_OBJC_MSGSEND = YES;
				ENABLE_TESTABILITY = YES;
				ENABLE_USER_SCRIPT_SANDBOXING = YES;
				GCC_C_LANGUAGE_STANDARD = gnu17;
				GCC_DYNAMIC_NO_PIC = NO;
				GCC_NO_COMMON_BLOCKS = YES;
				GCC_OPTIMIZATION_LEVEL = 0;
				GCC_PREPROCESSOR_DEFINITIONS = (
					"DEBUG=1",
					"$(inherited)",
				);
				GCC_WARN_64_TO_32_BIT_CONVERSION = YES;
				GCC_WARN_ABOUT_RETURN_TYPE = YES_ERROR;
				GCC_WARN_UNDECLARED_SELECTOR = YES;
				GCC_WARN_UNINITIALIZED_AUTOS = YES_AGGRESSIVE;
				GCC_WARN_UNUSED_FUNCTION = YES;
				GCC_WARN_UNUSED_VARIABLE = YES;
				IPHONEOS_DEPLOYMENT_TARGET = 17.5;
				LOCALIZATION_PREFERS_STRING_CATALOGS = YES;
				MTL_ENABLE_DEBUG_INFO = INCLUDE_SOURCE;
				MTL_FAST_MATH = YES;
				ONLY_ACTIVE_ARCH = YES;
				SDKROOT = iphoneos;
				SWIFT_ACTIVE_COMPILATION_CONDITIONS = "DEBUG $(inherited)";
				SWIFT_OPTIMIZATION_LEVEL = "-Onone";
			};
			name = Debug;
		};
		B49F8F8F2C23931C00479E02 /* Release */ = {
			isa = XCBuildConfiguration;
			buildSettings = {
				ALWAYS_SEARCH_USER_PATHS = NO;
				ASSETCATALOG_COMPILER_GENERATE_SWIFT_ASSET_SYMBOL_EXTENSIONS = YES;
				CLANG_ANALYZER_NONNULL = YES;
				CLANG_ANALYZER_NUMBER_OBJECT_CONVERSION = YES_AGGRESSIVE;
				CLANG_CXX_LANGUAGE_STANDARD = "gnu++20";
				CLANG_ENABLE_MODULES = YES;
				CLANG_ENABLE_OBJC_ARC = YES;
				CLANG_ENABLE_OBJC_WEAK = YES;
				CLANG_WARN_BLOCK_CAPTURE_AUTORELEASING = YES;
				CLANG_WARN_BOOL_CONVERSION = YES;
				CLANG_WARN_COMMA = YES;
				CLANG_WARN_CONSTANT_CONVERSION = YES;
				CLANG_WARN_DEPRECATED_OBJC_IMPLEMENTATIONS = YES;
				CLANG_WARN_DIRECT_OBJC_ISA_USAGE = YES_ERROR;
				CLANG_WARN_DOCUMENTATION_COMMENTS = YES;
				CLANG_WARN_EMPTY_BODY = YES;
				CLANG_WARN_ENUM_CONVERSION = YES;
				CLANG_WARN_INFINITE_RECURSION = YES;
				CLANG_WARN_INT_CONVERSION = YES;
				CLANG_WARN_NON_LITERAL_NULL_CONVERSION = YES;
				CLANG_WARN_OBJC_IMPLICIT_RETAIN_SELF = YES;
				CLANG_WARN_OBJC_LITERAL_CONVERSION = YES;
				CLANG_WARN_OBJC_ROOT_CLASS = YES_ERROR;
				CLANG_WARN_QUOTED_INCLUDE_IN_FRAMEWORK_HEADER = YES;
				CLANG_WARN_RANGE_LOOP_ANALYSIS = YES;
				CLANG_WARN_STRICT_PROTOTYPES = YES;
				CLANG_WARN_SUSPICIOUS_MOVE = YES;
				CLANG_WARN_UNGUARDED_AVAILABILITY = YES_AGGRESSIVE;
				CLANG_WARN_UNREACHABLE_CODE = YES;
				CLANG_WARN__DUPLICATE_METHOD_MATCH = YES;
				COPY_PHASE_STRIP = NO;
				DEBUG_INFORMATION_FORMAT = "dwarf-with-dsym";
				ENABLE_NS_ASSERTIONS = NO;
				ENABLE_STRICT_OBJC_MSGSEND = YES;
				ENABLE_USER_SCRIPT_SANDBOXING = YES;
				GCC_C_LANGUAGE_STANDARD = gnu17;
				GCC_NO_COMMON_BLOCKS = YES;
				GCC_WARN_64_TO_32_BIT_CONVERSION = YES;
				GCC_WARN_ABOUT_RETURN_TYPE = YES_ERROR;
				GCC_WARN_UNDECLARED_SELECTOR = YES;
				GCC_WARN_UNINITIALIZED_AUTOS = YES_AGGRESSIVE;
				GCC_WARN_UNUSED_FUNCTION = YES;
				GCC_WARN_UNUSED_VARIABLE = YES;
				IPHONEOS_DEPLOYMENT_TARGET = 17.5;
				LOCALIZATION_PREFERS_STRING_CATALOGS = YES;
				MTL_ENABLE_DEBUG_INFO = NO;
				MTL_FAST_MATH = YES;
				SDKROOT = iphoneos;
				SWIFT_COMPILATION_MODE = wholemodule;
				VALIDATE_PRODUCT = YES;
			};
			name = Release;
		};
		B49F8F912C23931C00479E02 /* Debug */ = {
			isa = XCBuildConfiguration;
			buildSettings = {
				ASSETCATALOG_COMPILER_APPICON_NAME = AppIcon;
				ASSETCATALOG_COMPILER_GLOBAL_ACCENT_COLOR_NAME = AccentColor;
				CODE_SIGN_STYLE = Automatic;
				CURRENT_PROJECT_VERSION = 1;
				DEVELOPMENT_ASSET_PATHS = "\"WikiGame/Preview Content\"";
				DEVELOPMENT_TEAM = RTUY9MP2HM;
				ENABLE_PREVIEWS = YES;
				GENERATE_INFOPLIST_FILE = YES;
				INFOPLIST_KEY_UIApplicationSceneManifest_Generation = YES;
				INFOPLIST_KEY_UIApplicationSupportsIndirectInputEvents = YES;
				INFOPLIST_KEY_UILaunchScreen_Generation = YES;
				INFOPLIST_KEY_UISupportedInterfaceOrientations_iPad = "UIInterfaceOrientationPortrait UIInterfaceOrientationPortraitUpsideDown UIInterfaceOrientationLandscapeLeft UIInterfaceOrientationLandscapeRight";
				INFOPLIST_KEY_UISupportedInterfaceOrientations_iPhone = "UIInterfaceOrientationPortrait UIInterfaceOrientationLandscapeLeft UIInterfaceOrientationLandscapeRight";
				LD_RUNPATH_SEARCH_PATHS = (
					"$(inherited)",
					"@executable_path/Frameworks",
				);
				MARKETING_VERSION = 1.0;
				PRODUCT_BUNDLE_IDENTIFIER = Swift.WikiGame;
				PRODUCT_NAME = "$(TARGET_NAME)";
				SWIFT_EMIT_LOC_STRINGS = YES;
				SWIFT_VERSION = 5.0;
				TARGETED_DEVICE_FAMILY = "1,2";
			};
			name = Debug;
		};
		B49F8F922C23931C00479E02 /* Release */ = {
			isa = XCBuildConfiguration;
			buildSettings = {
				ASSETCATALOG_COMPILER_APPICON_NAME = AppIcon;
				ASSETCATALOG_COMPILER_GLOBAL_ACCENT_COLOR_NAME = AccentColor;
				CODE_SIGN_STYLE = Automatic;
				CURRENT_PROJECT_VERSION = 1;
				DEVELOPMENT_ASSET_PATHS = "\"WikiGame/Preview Content\"";
				DEVELOPMENT_TEAM = RTUY9MP2HM;
				ENABLE_PREVIEWS = YES;
				GENERATE_INFOPLIST_FILE = YES;
				INFOPLIST_KEY_UIApplicationSceneManifest_Generation = YES;
				INFOPLIST_KEY_UIApplicationSupportsIndirectInputEvents = YES;
				INFOPLIST_KEY_UILaunchScreen_Generation = YES;
				INFOPLIST_KEY_UISupportedInterfaceOrientations_iPad = "UIInterfaceOrientationPortrait UIInterfaceOrientationPortraitUpsideDown UIInterfaceOrientationLandscapeLeft UIInterfaceOrientationLandscapeRight";
				INFOPLIST_KEY_UISupportedInterfaceOrientations_iPhone = "UIInterfaceOrientationPortrait UIInterfaceOrientationLandscapeLeft UIInterfaceOrientationLandscapeRight";
				LD_RUNPATH_SEARCH_PATHS = (
					"$(inherited)",
					"@executable_path/Frameworks",
				);
				MARKETING_VERSION = 1.0;
				PRODUCT_BUNDLE_IDENTIFIER = Swift.WikiGame;
				PRODUCT_NAME = "$(TARGET_NAME)";
				SWIFT_EMIT_LOC_STRINGS = YES;
				SWIFT_VERSION = 5.0;
				TARGETED_DEVICE_FAMILY = "1,2";
			};
			name = Release;
		};
		B49F8F942C23931C00479E02 /* Debug */ = {
			isa = XCBuildConfiguration;
			buildSettings = {
				ALWAYS_EMBED_SWIFT_STANDARD_LIBRARIES = YES;
				BUNDLE_LOADER = "$(TEST_HOST)";
				CODE_SIGN_STYLE = Automatic;
				CURRENT_PROJECT_VERSION = 1;
				DEVELOPMENT_TEAM = RTUY9MP2HM;
				GENERATE_INFOPLIST_FILE = YES;
				IPHONEOS_DEPLOYMENT_TARGET = 17.5;
				MARKETING_VERSION = 1.0;
				PRODUCT_BUNDLE_IDENTIFIER = Swift.WikiGameTests;
				PRODUCT_NAME = "$(TARGET_NAME)";
				SWIFT_EMIT_LOC_STRINGS = NO;
				SWIFT_VERSION = 5.0;
				TARGETED_DEVICE_FAMILY = "1,2";
				TEST_HOST = "$(BUILT_PRODUCTS_DIR)/WikiGame.app/$(BUNDLE_EXECUTABLE_FOLDER_PATH)/WikiGame";
			};
			name = Debug;
		};
		B49F8F952C23931C00479E02 /* Release */ = {
			isa = XCBuildConfiguration;
			buildSettings = {
				ALWAYS_EMBED_SWIFT_STANDARD_LIBRARIES = YES;
				BUNDLE_LOADER = "$(TEST_HOST)";
				CODE_SIGN_STYLE = Automatic;
				CURRENT_PROJECT_VERSION = 1;
				DEVELOPMENT_TEAM = RTUY9MP2HM;
				GENERATE_INFOPLIST_FILE = YES;
				IPHONEOS_DEPLOYMENT_TARGET = 17.5;
				MARKETING_VERSION = 1.0;
				PRODUCT_BUNDLE_IDENTIFIER = Swift.WikiGameTests;
				PRODUCT_NAME = "$(TARGET_NAME)";
				SWIFT_EMIT_LOC_STRINGS = NO;
				SWIFT_VERSION = 5.0;
				TARGETED_DEVICE_FAMILY = "1,2";
				TEST_HOST = "$(BUILT_PRODUCTS_DIR)/WikiGame.app/$(BUNDLE_EXECUTABLE_FOLDER_PATH)/WikiGame";
			};
			name = Release;
		};
		B49F8F972C23931C00479E02 /* Debug */ = {
			isa = XCBuildConfiguration;
			buildSettings = {
				ALWAYS_EMBED_SWIFT_STANDARD_LIBRARIES = YES;
				CODE_SIGN_STYLE = Automatic;
				CURRENT_PROJECT_VERSION = 1;
				DEVELOPMENT_TEAM = RTUY9MP2HM;
				GENERATE_INFOPLIST_FILE = YES;
				MARKETING_VERSION = 1.0;
				PRODUCT_BUNDLE_IDENTIFIER = Swift.WikiGameUITests;
				PRODUCT_NAME = "$(TARGET_NAME)";
				SWIFT_EMIT_LOC_STRINGS = NO;
				SWIFT_VERSION = 5.0;
				TARGETED_DEVICE_FAMILY = "1,2";
				TEST_TARGET_NAME = WikiGame;
			};
			name = Debug;
		};
		B49F8F982C23931C00479E02 /* Release */ = {
			isa = XCBuildConfiguration;
			buildSettings = {
				ALWAYS_EMBED_SWIFT_STANDARD_LIBRARIES = YES;
				CODE_SIGN_STYLE = Automatic;
				CURRENT_PROJECT_VERSION = 1;
				DEVELOPMENT_TEAM = RTUY9MP2HM;
				GENERATE_INFOPLIST_FILE = YES;
				MARKETING_VERSION = 1.0;
				PRODUCT_BUNDLE_IDENTIFIER = Swift.WikiGameUITests;
				PRODUCT_NAME = "$(TARGET_NAME)";
				SWIFT_EMIT_LOC_STRINGS = NO;
				SWIFT_VERSION = 5.0;
				TARGETED_DEVICE_FAMILY = "1,2";
				TEST_TARGET_NAME = WikiGame;
			};
			name = Release;
		};
/* End XCBuildConfiguration section */

/* Begin XCConfigurationList section */
		B49F8F672C23931B00479E02 /* Build configuration list for PBXProject "WikiGame" */ = {
			isa = XCConfigurationList;
			buildConfigurations = (
				B49F8F8E2C23931C00479E02 /* Debug */,
				B49F8F8F2C23931C00479E02 /* Release */,
			);
			defaultConfigurationIsVisible = 0;
			defaultConfigurationName = Release;
		};
		B49F8F902C23931C00479E02 /* Build configuration list for PBXNativeTarget "WikiGame" */ = {
			isa = XCConfigurationList;
			buildConfigurations = (
				B49F8F912C23931C00479E02 /* Debug */,
				B49F8F922C23931C00479E02 /* Release */,
			);
			defaultConfigurationIsVisible = 0;
			defaultConfigurationName = Release;
		};
		B49F8F932C23931C00479E02 /* Build configuration list for PBXNativeTarget "WikiGameTests" */ = {
			isa = XCConfigurationList;
			buildConfigurations = (
				B49F8F942C23931C00479E02 /* Debug */,
				B49F8F952C23931C00479E02 /* Release */,
			);
			defaultConfigurationIsVisible = 0;
			defaultConfigurationName = Release;
		};
		B49F8F962C23931C00479E02 /* Build configuration list for PBXNativeTarget "WikiGameUITests" */ = {
			isa = XCConfigurationList;
			buildConfigurations = (
				B49F8F972C23931C00479E02 /* Debug */,
				B49F8F982C23931C00479E02 /* Release */,
			);
			defaultConfigurationIsVisible = 0;
			defaultConfigurationName = Release;
		};
/* End XCConfigurationList section */
	};
	rootObject = B49F8F642C23931B00479E02 /* Project object */;
}
